
Microsoft Visual Studio Solution File, Format Version 12.00
Project("{2150E333-8FDC-42A3-9474-1A3956D46DE8}") = "src", "src", "{827E0CD3-B72D-47B6-A68D-7590B98EB39B}"
EndProject
Project("{FAE04EC0-301F-11D3-BF4B-00C04F79EFBC}") = "ReserveFlow.Api", "src\ReserveFlow.Api\ReserveFlow.Api.csproj", "{BA0ED057-0C8E-462D-8AF7-DB5C552C358D}"
EndProject
Project("{2150E333-8FDC-42A3-9474-1A3956D46DE8}") = "tests", "tests", "{0AB3BF05-4346-4AA6-1389-037BE0695223}"
EndProject
Project("{FAE04EC0-301F-11D3-BF4B-00C04F79EFBC}") = "ReserveFlow.Booking.Tests", "tests\ReserveFlow.Booking.Tests\ReserveFlow.Booking.Tests.csproj", "{FD2D5854-B725-44A8-92F0-5EBFA95584DA}"
EndProject
Project("{FAE04EC0-301F-11D3-BF4B-00C04F79EFBC}") = "ReserveFlow.Architecture.Tests", "tests\ReserveFlow.Architecture.Tests\ReserveFlow.Architecture.Tests.csproj", "{9F1F26E8-803A-4A2B-B358-093428BCA1A2}"
EndProject
Project("{FAE04EC0-301F-11D3-BF4B-00C04F79EFBC}") = "ReserveFlow.Domain", "src\ReserveFlow.Domain\ReserveFlow.Domain.csproj", "{B832C4C1-8F97-4999-A5A1-8C11383F3D9C}"
EndProject
Project("{FAE04EC0-301F-11D3-BF4B-00C04F79EFBC}") = "ReserveFlow.Application", "src\ReserveFlow.Application\ReserveFlow.Application.csproj", "{E8E67446-51E9-4AA5-9D35-A0C4A8A3F0C2}"
EndProject
Project("{FAE04EC0-301F-11D3-BF4B-00C04F79EFBC}") = "ReserveFlow.Infrastructure", "src\ReserveFlow.Infrastructure\ReserveFlow.Infrastructure.csproj", "{40181B4E-369F-4554-A86B-7FCF49788244}"
EndProject
Global
	GlobalSection(SolutionConfigurationPlatforms) = preSolution
		Debug|Any CPU = Debug|Any CPU
		Debug|x64 = Debug|x64
		Debug|x86 = Debug|x86
		Release|Any CPU = Release|Any CPU
		Release|x64 = Release|x64
		Release|x86 = Release|x86
	EndGlobalSection
	GlobalSection(ProjectConfigurationPlatforms) = postSolution
		{BA0ED057-0C8E-462D-8AF7-DB5C552C358D}.Debug|Any CPU.ActiveCfg = Debug|Any CPU
		{BA0ED057-0C8E-462D-8AF7-DB5C552C358D}.Debug|Any CPU.Build.0 = Debug|Any CPU
		{BA0ED057-0C8E-462D-8AF7-DB5C552C358D}.Debug|x64.ActiveCfg = Debug|Any CPU
		{BA0ED057-0C8E-462D-8AF7-DB5C552C358D}.Debug|x64.Build.0 = Debug|Any CPU
		{BA0ED057-0C8E-462D-8AF7-DB5C552C358D}.Debug|x86.ActiveCfg = Debug|Any CPU
		{BA0ED057-0C8E-462D-8AF7-DB5C552C358D}.Debug|x86.Build.0 = Debug|Any CPU
		{BA0ED057-0C8E-462D-8AF7-DB5C552C358D}.Release|Any CPU.ActiveCfg = Release|Any CPU
		{BA0ED057-0C8E-462D-8AF7-DB5C552C358D}.Release|Any CPU.Build.0 = Release|Any CPU
		{BA0ED057-0C8E-462D-8AF7-DB5C552C358D}.Release|x64.ActiveCfg = Release|Any CPU
		{BA0ED057-0C8E-462D-8AF7-DB5C552C358D}.Release|x64.Build.0 = Release|Any CPU
		{BA0ED057-0C8E-462D-8AF7-DB5C552C358D}.Release|x86.ActiveCfg = Release|Any CPU
		{BA0ED057-0C8E-462D-8AF7-DB5C552C358D}.Release|x86.Build.0 = Release|Any CPU
		{FD2D5854-B725-44A8-92F0-5EBFA95584DA}.Debug|Any CPU.ActiveCfg = Debug|Any CPU
		{FD2D5854-B725-44A8-92F0-5EBFA95584DA}.Debug|Any CPU.Build.0 = Debug|Any CPU
		{FD2D5854-B725-44A8-92F0-5EBFA95584DA}.Debug|x64.ActiveCfg = Debug|Any CPU
		{FD2D5854-B725-44A8-92F0-5EBFA95584DA}.Debug|x64.Build.0 = Debug|Any CPU
		{FD2D5854-B725-44A8-92F0-5EBFA95584DA}.Debug|x86.ActiveCfg = Debug|Any CPU
		{FD2D5854-B725-44A8-92F0-5EBFA95584DA}.Debug|x86.Build.0 = Debug|Any CPU
		{FD2D5854-B725-44A8-92F0-5EBFA95584DA}.Release|Any CPU.ActiveCfg = Release|Any CPU
		{FD2D5854-B725-44A8-92F0-5EBFA95584DA}.Release|Any CPU.Build.0 = Release|Any CPU
		{FD2D5854-B725-44A8-92F0-5EBFA95584DA}.Release|x64.ActiveCfg = Release|Any CPU
		{FD2D5854-B725-44A8-92F0-5EBFA95584DA}.Release|x64.Build.0 = Release|Any CPU
		{FD2D5854-B725-44A8-92F0-5EBFA95584DA}.Release|x86.ActiveCfg = Release|Any CPU
		{FD2D5854-B725-44A8-92F0-5EBFA95584DA}.Release|x86.Build.0 = Release|Any CPU
		{9F1F26E8-803A-4A2B-B358-093428BCA1A2}.Debug|Any CPU.ActiveCfg = Debug|Any CPU
		{9F1F26E8-803A-4A2B-B358-093428BCA1A2}.Debug|Any CPU.Build.0 = Debug|Any CPU
		{9F1F26E8-803A-4A2B-B358-093428BCA1A2}.Debug|x64.ActiveCfg = Debug|Any CPU
		{9F1F26E8-803A-4A2B-B358-093428BCA1A2}.Debug|x64.Build.0 = Debug|Any CPU
		{9F1F26E8-803A-4A2B-B358-093428BCA1A2}.Debug|x86.ActiveCfg = Debug|Any CPU
		{9F1F26E8-803A-4A2B-B358-093428BCA1A2}.Debug|x86.Build.0 = Debug|Any CPU
		{9F1F26E8-803A-4A2B-B358-093428BCA1A2}.Release|Any CPU.ActiveCfg = Release|Any CPU
		{9F1F26E8-803A-4A2B-B358-093428BCA1A2}.Release|Any CPU.Build.0 = Release|Any CPU
		{9F1F26E8-803A-4A2B-B358-093428BCA1A2}.Release|x64.ActiveCfg = Release|Any CPU
		{9F1F26E8-803A-4A2B-B358-093428BCA1A2}.Release|x64.Build.0 = Release|Any CPU
		{9F1F26E8-803A-4A2B-B358-093428BCA1A2}.Release|x86.ActiveCfg = Release|Any CPU
		{9F1F26E8-803A-4A2B-B358-093428BCA1A2}.Release|x86.Build.0 = Release|Any CPU
		{B832C4C1-8F97-4999-A5A1-8C11383F3D9C}.Debug|Any CPU.ActiveCfg = Debug|Any CPU
		{B832C4C1-8F97-4999-A5A1-8C11383F3D9C}.Debug|Any CPU.Build.0 = Debug|Any CPU
		{B832C4C1-8F97-4999-A5A1-8C11383F3D9C}.Debug|x64.ActiveCfg = Debug|Any CPU
		{B832C4C1-8F97-4999-A5A1-8C11383F3D9C}.Debug|x64.Build.0 = Debug|Any CPU
		{B832C4C1-8F97-4999-A5A1-8C11383F3D9C}.Debug|x86.ActiveCfg = Debug|Any CPU
		{B832C4C1-8F97-4999-A5A1-8C11383F3D9C}.Debug|x86.Build.0 = Debug|Any CPU
		{B832C4C1-8F97-4999-A5A1-8C11383F3D9C}.Release|Any CPU.ActiveCfg = Release|Any CPU
		{B832C4C1-8F97-4999-A5A1-8C11383F3D9C}.Release|Any CPU.Build.0 = Release|Any CPU
		{B832C4C1-8F97-4999-A5A1-8C11383F3D9C}.Release|x64.ActiveCfg = Release|Any CPU
		{B832C4C1-8F97-4999-A5A1-8C11383F3D9C}.Release|x64.Build.0 = Release|Any CPU
		{B832C4C1-8F97-4999-A5A1-8C11383F3D9C}.Release|x86.ActiveCfg = Release|Any CPU
		{B832C4C1-8F97-4999-A5A1-8C11383F3D9C}.Release|x86.Build.0 = Release|Any CPU
		{E8E67446-51E9-4AA5-9D35-A0C4A8A3F0C2}.Debug|Any CPU.ActiveCfg = Debug|Any CPU
		{E8E67446-51E9-4AA5-9D35-A0C4A8A3F0C2}.Debug|Any CPU.Build.0 = Debug|Any CPU
		{E8E67446-51E9-4AA5-9D35-A0C4A8A3F0C2}.Debug|x64.ActiveCfg = Debug|Any CPU
		{E8E67446-51E9-4AA5-9D35-A0C4A8A3F0C2}.Debug|x64.Build.0 = Debug|Any CPU
		{E8E67446-51E9-4AA5-9D35-A0C4A8A3F0C2}.Debug|x86.ActiveCfg = Debug|Any CPU
		{E8E67446-51E9-4AA5-9D35-A0C4A8A3F0C2}.Debug|x86.Build.0 = Debug|Any CPU
		{E8E67446-51E9-4AA5-9D35-A0C4A8A3F0C2}.Release|Any CPU.ActiveCfg = Release|Any CPU
		{E8E67446-51E9-4AA5-9D35-A0C4A8A3F0C2}.Release|Any CPU.Build.0 = Release|Any CPU
		{E8E67446-51E9-4AA5-9D35-A0C4A8A3F0C2}.Release|x64.ActiveCfg = Release|Any CPU
		{E8E67446-51E9-4AA5-9D35-A0C4A8A3F0C2}.Release|x64.Build.0 = Release|Any CPU
		{E8E67446-51E9-4AA5-9D35-A0C4A8A3F0C2}.Release|x86.ActiveCfg = Release|Any CPU
		{E8E67446-51E9-4AA5-9D35-A0C4A8A3F0C2}.Release|x86.Build.0 = Release|Any CPU
		{40181B4E-369F-4554-A86B-7FCF49788244}.Debug|Any CPU.ActiveCfg = Debug|Any CPU
		{40181B4E-369F-4554-A86B-7FCF49788244}.Debug|Any CPU.Build.0 = Debug|Any CPU
		{40181B4E-369F-4554-A86B-7FCF49788244}.Debug|x64.ActiveCfg = Debug|Any CPU
		{40181B4E-369F-4554-A86B-7FCF49788244}.Debug|x64.Build.0 = Debug|Any CPU
		{40181B4E-369F-4554-A86B-7FCF49788244}.Debug|x86.ActiveCfg = Debug|Any CPU
		{40181B4E-369F-4554-A86B-7FCF49788244}.Debug|x86.Build.0 = Debug|Any CPU
		{40181B4E-369F-4554-A86B-7FCF49788244}.Release|Any CPU.ActiveCfg = Release|Any CPU
		{40181B4E-369F-4554-A86B-7FCF49788244}.Release|Any CPU.Build.0 = Release|Any CPU
		{40181B4E-369F-4554-A86B-7FCF49788244}.Release|x64.ActiveCfg = Release|Any CPU
		{40181B4E-369F-4554-A86B-7FCF49788244}.Release|x64.Build.0 = Release|Any CPU
		{40181B4E-369F-4554-A86B-7FCF49788244}.Release|x86.ActiveCfg = Release|Any CPU
		{40181B4E-369F-4554-A86B-7FCF49788244}.Release|x86.Build.0 = Release|Any CPU
	EndGlobalSection
	GlobalSection(SolutionProperties) = preSolution
		HideSolutionNode = FALSE
	EndGlobalSection
	GlobalSection(NestedProjects) = preSolution
		{BA0ED057-0C8E-462D-8AF7-DB5C552C358D} = {827E0CD3-B72D-47B6-A68D-7590B98EB39B}
		{FD2D5854-B725-44A8-92F0-5EBFA95584DA} = {0AB3BF05-4346-4AA6-1389-037BE0695223}
		{9F1F26E8-803A-4A2B-B358-093428BCA1A2} = {0AB3BF05-4346-4AA6-1389-037BE0695223}
		{B832C4C1-8F97-4999-A5A1-8C11383F3D9C} = {827E0CD3-B72D-47B6-A68D-7590B98EB39B}
		{E8E67446-51E9-4AA5-9D35-A0C4A8A3F0C2} = {827E0CD3-B72D-47B6-A68D-7590B98EB39B}
		{40181B4E-369F-4554-A86B-7FCF49788244} = {827E0CD3-B72D-47B6-A68D-7590B98EB39B}
	EndGlobalSection
EndGlobal
